// !$*UTF8*$!
{
	archiveVersion = 1;
	classes = {
	};
	objectVersion = 46;
	objects = {

/* Begin PBXBuildFile section */
		CBB0E4FB1E1E492100710E66 /* AppDelegate.swift in Sources */ = {isa = PBXBuildFile; fileRef = CBB0E4FA1E1E492100710E66 /* AppDelegate.swift */; };
		CBB0E4FD1E1E492100710E66 /* ViewController.swift in Sources */ = {isa = PBXBuildFile; fileRef = CBB0E4FC1E1E492100710E66 /* ViewController.swift */; };
		CBB0E5001E1E492100710E66 /* Main.storyboard in Resources */ = {isa = PBXBuildFile; fileRef = CBB0E4FE1E1E492100710E66 /* Main.storyboard */; };
		CBB0E5021E1E492100710E66 /* Assets.xcassets in Resources */ = {isa = PBXBuildFile; fileRef = CBB0E5011E1E492100710E66 /* Assets.xcassets */; };
		CBB0E5051E1E492100710E66 /* LaunchScreen.storyboard in Resources */ = {isa = PBXBuildFile; fileRef = CBB0E5031E1E492100710E66 /* LaunchScreen.storyboard */; };
/* End PBXBuildFile section */

/* Begin PBXFileReference section */
		CBB0E4F71E1E492100710E66 /* MixAudioAndVideoSwift.app */ = {isa = PBXFileReference; explicitFileType = wrapper.application; includeInIndex = 0; path = MixAudioAndVideoSwift.app; sourceTree = BUILT_PRODUCTS_DIR; };
		CBB0E4FA1E1E492100710E66 /* AppDelegate.swift */ = {isa = PBXFileReference; lastKnownFileType = sourcecode.swift; path = AppDelegate.swift; sourceTree = "<group>"; };
		CBB0E4FC1E1E492100710E66 /* ViewController.swift */ = {isa = PBXFileReference; lastKnownFileType = sourcecode.swift; path = ViewController.swift; sourceTree = "<group>"; };
		CBB0E4FF1E1E492100710E66 /* Base */ = {isa = PBXFileReference; lastKnownFileType = file.storyboard; name = Base; path = Base.lproj/Main.storyboard; sourceTree = "<group>"; };
		CBB0E5011E1E492100710E66 /* Assets.xcassets */ = {isa = PBXFileReference; lastKnownFileType = folder.assetcatalog; path = Assets.xcassets; sourceTree = "<group>"; };
		CBB0E5041E1E492100710E66 /* Base */ = {isa = PBXFileReference; lastKnownFileType = file.storyboard; name = Base; path = Base.lproj/LaunchScreen.storyboard; sourceTree = "<group>"; };
		CBB0E5061E1E492100710E66 /* Info.plist */ = {isa = PBXFileReference; lastKnownFileType = text.plist.xml; path = Info.plist; sourceTree = "<group>"; };
/* End PBXFileReference section */

/* Begin PBXFrameworksBuildPhase section */
		CBB0E4F41E1E492100710E66 /* Frameworks */ = {
			isa = PBXFrameworksBuildPhase;
			buildActionMask = 2147483647;
			files = (
			);
			runOnlyForDeploymentPostprocessing = 0;
		};
/* End PBXFrameworksBuildPhase section */

/* Begin PBXGroup section */
		CBB0E4EE1E1E492100710E66 = {
			isa = PBXGroup;
			children = (
				CBB0E4F91E1E492100710E66 /* MixAudioAndVideoSwift */,
				CBB0E4F81E1E492100710E66 /* Products */,
			);
			sourceTree = "<group>";
		};
		CBB0E4F81E1E492100710E66 /* Products */ = {
			isa = PBXGroup;
			children = (
				CBB0E4F71E1E492100710E66 /* MixAudioAndVideoSwift.app */,
			);
			name = Products;
			sourceTree = "<group>";
		};
		CBB0E4F91E1E492100710E66 /* MixAudioAndVideoSwift */ = {
			isa = PBXGroup;
			children = (
				CBB0E4FA1E1E492100710E66 /* AppDelegate.swift */,
				CBB0E4FC1E1E492100710E66 /* ViewController.swift */,
				CBB0E4FE1E1E492100710E66 /* Main.storyboard */,
				CBB0E5011E1E492100710E66 /* Assets.xcassets */,
				CBB0E5031E1E492100710E66 /* LaunchScreen.storyboard */,
				CBB0E5061E1E492100710E66 /* Info.plist */,
			);
			path = MixAudioAndVideoSwift;
			sourceTree = "<group>";
		};
/* End PBXGroup section */

/* Begin PBXNativeTarget section */
		CBB0E4F61E1E492100710E66 /* MixAudioAndVideoSwift */ = {
			isa = PBXNativeTarget;
			buildConfigurationList = CBB0E5091E1E492100710E66 /* Build configuration list for PBXNativeTarget "MixAudioAndVideoSwift" */;
			buildPhases = (
				CBB0E4F31E1E492100710E66 /* Sources */,
				CBB0E4F41E1E492100710E66 /* Frameworks */,
				CBB0E4F51E1E492100710E66 /* Resources */,
			);
			buildRules = (
			);
			dependencies = (
			);
			name = MixAudioAndVideoSwift;
			productName = MixAudioAndVideoSwift;
			productReference = CBB0E4F71E1E492100710E66 /* MixAudioAndVideoSwift.app */;
			productType = "com.apple.product-type.application";
		};
/* End PBXNativeTarget section */

/* Begin PBXProject section */
		CBB0E4EF1E1E492100710E66 /* Project object */ = {
			isa = PBXProject;
			attributes = {
				LastSwiftUpdateCheck = 0810;
				LastUpgradeCheck = 0810;
				ORGANIZATIONNAME = Tuuu;
				TargetAttributes = {
					CBB0E4F61E1E492100710E66 = {
						CreatedOnToolsVersion = 8.1;
						DevelopmentTeam = S49VK8B668;
						ProvisioningStyle = Automatic;
					};
				};
			};
			buildConfigurationList = CBB0E4F21E1E492100710E66 /* Build configuration list for PBXProject "MixAudioAndVideoSwift" */;
			compatibilityVersion = "Xcode 3.2";
			developmentRegion = English;
			hasScannedForEncodings = 0;
			knownRegions = (
				en,
				Base,
			);
			mainGroup = CBB0E4EE1E1E492100710E66;
			productRefGroup = CBB0E4F81E1E492100710E66 /* Products */;
			projectDirPath = "";
			projectRoot = "";
			targets = (
				CBB0E4F61E1E492100710E66 /* MixAudioAndVideoSwift */,
			);
		};
/* End PBXProject section */

/* Begin PBXResourcesBuildPhase section */
		CBB0E4F51E1E492100710E66 /* Resources */ = {
			isa = PBXResourcesBuildPhase;
			buildActionMask = 2147483647;
			files = (
				CBB0E5051E1E492100710E66 /* LaunchScreen.storyboard in Resources */,
				CBB0E5021E1E492100710E66 /* Assets.xcassets in Resources */,
				CBB0E5001E1E492100710E66 /* Main.storyboard in Resources */,
			);
			runOnlyForDeploymentPostprocessing = 0;
		};
/* End PBXResourcesBuildPhase section */

/* Begin PBXSourcesBuildPhase section */
		CBB0E4F31E1E492100710E66 /* Sources */ = {
			isa = PBXSourcesBuildPhase;
			buildActionMask = 2147483647;
			files = (
				CBB0E4FD1E1E492100710E66 /* ViewController.swift in Sources */,
				CBB0E4FB1E1E492100710E66 /* AppDelegate.swift in Sources */,
			);
			runOnlyForDeploymentPostprocessing = 0;
		};
/* End PBXSourcesBuildPhase section */

/* Begin PBXVariantGroup section */
		CBB0E4FE1E1E492100710E66 /* Main.storyboard */ = {
			isa = PBXVariantGroup;
			children = (
				CBB0E4FF1E1E492100710E66 /* Base */,
			);
			name = Main.storyboard;
			sourceTree = "<group>";
		};
		CBB0E5031E1E492100710E66 /* LaunchScreen.storyboard */ = {
			isa = PBXVariantGroup;
			children = (
				CBB0E5041E1E492100710E66 /* Base */,
			);
			name = LaunchScreen.storyboard;
			sourceTree = "<group>";
		};
/* End PBXVariantGroup section */

/* Begin XCBuildConfiguration section */
		CBB0E5071E1E492100710E66 /* Debug */ = {
			isa = XCBuildConfiguration;
			buildSettings = {
				ALWAYS_SEARCH_USER_PATHS = NO;
				CLANG_ANALYZER_NONNULL = YES;
				CLANG_CXX_LANGUAGE_STANDARD = "gnu++0x";
				CLANG_CXX_LIBRARY = "libc++";
				CLANG_ENABLE_MODULES = YES;
				CLANG_ENABLE_OBJC_ARC = YES;
				CLANG_WARN_BOOL_CONVERSION = YES;
				CLANG_WARN_CONSTANT_CONVERSION = YES;
				CLANG_WARN_DIRECT_OBJC_ISA_USAGE = YES_ERROR;
				CLANG_WARN_DOCUMENTATION_COMMENTS = YES;
				CLANG_WARN_EMPTY_BODY = YES;
				CLANG_WARN_ENUM_CONVERSION = YES;
				CLANG_WARN_INFINITE_RECURSION = YES;
				CLANG_WARN_INT_CONVERSION = YES;
				CLANG_WARN_OBJC_ROOT_CLASS = YES_ERROR;
				CLANG_WARN_SUSPICIOUS_MOVES = YES;
				CLANG_WARN_UNREACHABLE_CODE = YES;
				CLANG_WARN__DUPLICATE_METHOD_MATCH = YES;
				"CODE_SIGN_IDENTITY[sdk=iphoneos*]" = "iPhone Developer";
				COPY_PHASE_STRIP = NO;
				DEBUG_INFORMATION_FORMAT = dwarf;
				ENABLE_STRICT_OBJC_MSGSEND = YES;
				ENABLE_TESTABILITY = YES;
				GCC_C_LANGUAGE_STANDARD = gnu99;
				GCC_DYNAMIC_NO_PIC = NO;
				GCC_NO_COMMON_BLOCKS = YES;
				GCC_OPTIMIZATION_LEVEL = 0;
				GCC_PREPROCESSOR_DEFINITIONS = (
					"DEBUG=1",
					"$(inherited)",
				);
				GCC_WARN_64_TO_32_BIT_CONVERSION = YES;
				GCC_WARN_ABOUT_RETURN_TYPE = YES_ERROR;
				GCC_WARN_UNDECLARED_SELECTOR = YES;
				GCC_WARN_UNINITIALIZED_AUTOS = YES_AGGRESSIVE;
				GCC_WARN_UNUSED_FUNCTION = YES;
				GCC_WARN_UNUSED_VARIABLE = YES;
				IPHONEOS_DEPLOYMENT_TARGET = 10.1;
				MTL_ENABLE_DEBUG_INFO = YES;
				ONLY_ACTIVE_ARCH = YES;
				SDKROOT = iphoneos;
				SWIFT_ACTIVE_COMPILATION_CONDITIONS = DEBUG;
				SWIFT_OPTIMIZATION_LEVEL = "-Onone";
				TARGETED_DEVICE_FAMILY = "1,2";
			};
			name = Debug;
		};
		CBB0E5081E1E492100710E66 /* Release */ = {
			isa = XCBuildConfiguration;
			buildSettings = {
				ALWAYS_SEARCH_USER_PATHS = NO;
				CLANG_ANALYZER_NONNULL = YES;
				CLANG_CXX_LANGUAGE_STANDARD = "gnu++0x";
				CLANG_CXX_LIBRARY = "libc++";
				CLANG_ENABLE_MODULES = YES;
				CLANG_ENABLE_OBJC_ARC = YES;
				CLANG_WARN_BOOL_CONVERSION = YES;
				CLANG_WARN_CONSTANT_CONVERSION = YES;
				CLANG_WARN_DIRECT_OBJC_ISA_USAGE = YES_ERROR;
				CLANG_WARN_DOCUMENTATION_COMMENTS = YES;
				CLANG_WARN_EMPTY_BODY = YES;
				CLANG_WARN_ENUM_CONVERSION = YES;
				CLANG_WARN_INFINITE_RECURSION = YES;
				CLANG_WARN_INT_CONVERSION = YES;
				CLANG_WARN_OBJC_ROOT_CLASS = YES_ERROR;
				CLANG_WARN_SUSPICIOUS_MOVES = YES;
				CLANG_WARN_UNREACHABLE_CODE = YES;
				CLANG_WARN__DUPLICATE_METHOD_MATCH = YES;
				"CODE_SIGN_IDENTITY[sdk=iphoneos*]" = "iPhone Developer";
				COPY_PHASE_STRIP = NO;
				DEBUG_INFORMATION_FORMAT = "dwarf-with-dsym";
				ENABLE_NS_ASSERTIONS = NO;
				ENABLE_STRICT_OBJC_MSGSEND = YES;
				GCC_C_LANGUAGE_STANDARD = gnu99;
				GCC_NO_COMMON_BLOCKS = YES;
				GCC_WARN_64_TO_32_BIT_CONVERSION = YES;
				GCC_WARN_ABOUT_RETURN_TYPE = YES_ERROR;
				GCC_WARN_UNDECLARED_SELECTOR = YES;
				GCC_WARN_UNINITIALIZED_AUTOS = YES_AGGRESSIVE;
				GCC_WARN_UNUSED_FUNCTION = YES;
				GCC_WARN_UNUSED_VARIABLE = YES;
				IPHONEOS_DEPLOYMENT_TARGET = 10.1;
				MTL_ENABLE_DEBUG_INFO = NO;
				SDKROOT = iphoneos;
				SWIFT_OPTIMIZATION_LEVEL = "-Owholemodule";
				TARGETED_DEVICE_FAMILY = "1,2";
				VALIDATE_PRODUCT = YES;
			};
			name = Release;
		};
		CBB0E50A1E1E492100710E66 /* Debug */ = {
			isa = XCBuildConfiguration;
			buildSettings = {
				ASSETCATALOG_COMPILER_APPICON_NAME = AppIcon;
				DEVELOPMENT_TEAM = S49VK8B668;
				INFOPLIST_FILE = MixAudioAndVideoSwift/Info.plist;
				LD_RUNPATH_SEARCH_PATHS = "$(inherited) @executable_path/Frameworks";
				PRODUCT_BUNDLE_IDENTIFIER = nvt.MixAudioAndVideoSwift;
				PRODUCT_NAME = "$(TARGET_NAME)";
				SWIFT_VERSION = 3.0;
			};
			name = Debug;
		};
		CBB0E50B1E1E492100710E66 /* Release */ = {
			isa = XCBuildConfiguration;
			buildSettings = {
				ASSETCATALOG_COMPILER_APPICON_NAME = AppIcon;
				DEVELOPMENT_TEAM = S49VK8B668;
				INFOPLIST_FILE = MixAudioAndVideoSwift/Info.plist;
				LD_RUNPATH_SEARCH_PATHS = "$(inherited) @executable_path/Frameworks";
				PRODUCT_BUNDLE_IDENTIFIER = nvt.MixAudioAndVideoSwift;
				PRODUCT_NAME = "$(TARGET_NAME)";
				SWIFT_VERSION = 3.0;
			};
			name = Release;
		};
/* End XCBuildConfiguration section */

/* Begin XCConfigurationList section */
		CBB0E4F21E1E492100710E66 /* Build configuration list for PBXProject "MixAudioAndVideoSwift" */ = {
			isa = XCConfigurationList;
			buildConfigurations = (
				CBB0E5071E1E492100710E66 /* Debug */,
				CBB0E5081E1E492100710E66 /* Release */,
			);
			defaultConfigurationIsVisible = 0;
			defaultConfigurationName = Release;
		};
		CBB0E5091E1E492100710E66 /* Build configuration list for PBXNativeTarget "MixAudioAndVideoSwift" */ = {
			isa = XCConfigurationList;
			buildConfigurations = (
				CBB0E50A1E1E492100710E66 /* Debug */,
				CBB0E50B1E1E492100710E66 /* Release */,
			);
			defaultConfigurationIsVisible = 0;
		};
/* End XCConfigurationList section */
	};
	rootObject = CBB0E4EF1E1E492100710E66 /* Project object */;
}
